
Microsoft Visual Studio Solution File, Format Version 12.00
# Visual Studio Version 16
VisualStudioVersion = 16.0.31729.503
MinimumVisualStudioVersion = 10.0.40219.1
Project("{FAE04EC0-301F-11D3-BF4B-00C04F79EFBC}") = "Daxone Testing", "Daxone Testing\Daxone Testing.csproj", "{B0CC3D38-4CE6-4D6A-A9CF-205856710AC2}"
EndProject
Project("{9A19103F-16F7-4668-BE54-9A1E7A4F7556}") = "PersianTranslation", "..\..\..\Downloads\اموزش فرادرس\Identity\06_Identity3\Files\IdentitySample\PersianTranslation\PersianTranslation.csproj", "{1F6A0735-A843-49F5-89E9-311146900EEB}"
EndProject
Global
	GlobalSection(SolutionConfigurationPlatforms) = preSolution
		Debug|Any CPU = Debug|Any CPU
		Release|Any CPU = Release|Any CPU
	EndGlobalSection
	GlobalSection(ProjectConfigurationPlatforms) = postSolution
		{B0CC3D38-4CE6-4D6A-A9CF-205856710AC2}.Debug|Any CPU.ActiveCfg = Debug|Any CPU
		{B0CC3D38-4CE6-4D6A-A9CF-205856710AC2}.Debug|Any CPU.Build.0 = Debug|Any CPU
		{B0CC3D38-4CE6-4D6A-A9CF-205856710AC2}.Release|Any CPU.ActiveCfg = Release|Any CPU
		{B0CC3D38-4CE6-4D6A-A9CF-205856710AC2}.Release|Any CPU.Build.0 = Release|Any CPU
		{1F6A0735-A843-49F5-89E9-311146900EEB}.Debug|Any CPU.ActiveCfg = Debug|Any CPU
		{1F6A0735-A843-49F5-89E9-311146900EEB}.Debug|Any CPU.Build.0 = Debug|Any CPU
		{1F6A0735-A843-49F5-89E9-311146900EEB}.Release|Any CPU.ActiveCfg = Release|Any CPU
		{1F6A0735-A843-49F5-89E9-311146900EEB}.Release|Any CPU.Build.0 = Release|Any CPU
	EndGlobalSection
	GlobalSection(SolutionProperties) = preSolution
		HideSolutionNode = FALSE
	EndGlobalSection
	GlobalSection(ExtensibilityGlobals) = postSolution
		SolutionGuid = {8F387E84-08F1-4002-BD74-980DEE8FDDAE}
	EndGlobalSection
EndGlobal
